
Microsoft Visual Studio Solution File, Format Version 12.00
# Visual Studio Version 16
VisualStudioVersion = 16.0.30011.22
MinimumVisualStudioVersion = 10.0.40219.1
Project("{FAE04EC0-301F-11D3-BF4B-00C04F79EFBC}") = "LayoutExperiment.Android", "LayoutExperiment\LayoutExperiment.Android\LayoutExperiment.Android.csproj", "{91B78EDD-D52A-49DF-931C-C7A14A3F2658}"
EndProject
Project("{FAE04EC0-301F-11D3-BF4B-00C04F79EFBC}") = "LayoutExperiment.iOS", "LayoutExperiment\LayoutExperiment.iOS\LayoutExperiment.iOS.csproj", "{79F9C0A5-8C9F-4458-9BA9-84F193FFB17B}"
EndProject
Project("{FAE04EC0-301F-11D3-BF4B-00C04F79EFBC}") = "LayoutExperiment", "LayoutExperiment\LayoutExperiment\LayoutExperiment.csproj", "{B445CF17-9205-4956-A65D-8C220CC6DC8F}"
EndProject
Global
	GlobalSection(SolutionConfigurationPlatforms) = preSolution
		Debug|Any CPU = Debug|Any CPU
		Debug|iPhone = Debug|iPhone
		Debug|iPhoneSimulator = Debug|iPhoneSimulator
		Release|Any CPU = Release|Any CPU
		Release|iPhone = Release|iPhone
		Release|iPhoneSimulator = Release|iPhoneSimulator
	EndGlobalSection
	GlobalSection(ProjectConfigurationPlatforms) = postSolution
		{91B78EDD-D52A-49DF-931C-C7A14A3F2658}.Debug|Any CPU.ActiveCfg = Debug|Any CPU
		{91B78EDD-D52A-49DF-931C-C7A14A3F2658}.Debug|Any CPU.Build.0 = Debug|Any CPU
		{91B78EDD-D52A-49DF-931C-C7A14A3F2658}.Debug|Any CPU.Deploy.0 = Debug|Any CPU
		{91B78EDD-D52A-49DF-931C-C7A14A3F2658}.Debug|iPhone.ActiveCfg = Debug|Any CPU
		{91B78EDD-D52A-49DF-931C-C7A14A3F2658}.Debug|iPhone.Build.0 = Debug|Any CPU
		{91B78EDD-D52A-49DF-931C-C7A14A3F2658}.Debug|iPhone.Deploy.0 = Debug|Any CPU
		{91B78EDD-D52A-49DF-931C-C7A14A3F2658}.Debug|iPhoneSimulator.ActiveCfg = Debug|Any CPU
		{91B78EDD-D52A-49DF-931C-C7A14A3F2658}.Debug|iPhoneSimulator.Build.0 = Debug|Any CPU
		{91B78EDD-D52A-49DF-931C-C7A14A3F2658}.Debug|iPhoneSimulator.Deploy.0 = Debug|Any CPU
		{91B78EDD-D52A-49DF-931C-C7A14A3F2658}.Release|Any CPU.ActiveCfg = Release|Any CPU
		{91B78EDD-D52A-49DF-931C-C7A14A3F2658}.Release|Any CPU.Build.0 = Release|Any CPU
		{91B78EDD-D52A-49DF-931C-C7A14A3F2658}.Release|Any CPU.Deploy.0 = Release|Any CPU
		{91B78EDD-D52A-49DF-931C-C7A14A3F2658}.Release|iPhone.ActiveCfg = Release|Any CPU
		{91B78EDD-D52A-49DF-931C-C7A14A3F2658}.Release|iPhone.Build.0 = Release|Any CPU
		{91B78EDD-D52A-49DF-931C-C7A14A3F2658}.Release|iPhone.Deploy.0 = Release|Any CPU
		{91B78EDD-D52A-49DF-931C-C7A14A3F2658}.Release|iPhoneSimulator.ActiveCfg = Release|Any CPU
		{91B78EDD-D52A-49DF-931C-C7A14A3F2658}.Release|iPhoneSimulator.Build.0 = Release|Any CPU
		{91B78EDD-D52A-49DF-931C-C7A14A3F2658}.Release|iPhoneSimulator.Deploy.0 = Release|Any CPU
		{79F9C0A5-8C9F-4458-9BA9-84F193FFB17B}.Debug|Any CPU.ActiveCfg = Debug|iPhone
		{79F9C0A5-8C9F-4458-9BA9-84F193FFB17B}.Debug|Any CPU.Build.0 = Debug|iPhone
		{79F9C0A5-8C9F-4458-9BA9-84F193FFB17B}.Debug|Any CPU.Deploy.0 = Debug|iPhone
		{79F9C0A5-8C9F-4458-9BA9-84F193FFB17B}.Debug|iPhone.ActiveCfg = Debug|iPhone
		{79F9C0A5-8C9F-4458-9BA9-84F193FFB17B}.Debug|iPhone.Build.0 = Debug|iPhone
		{79F9C0A5-8C9F-4458-9BA9-84F193FFB17B}.Debug|iPhone.Deploy.0 = Debug|iPhone
		{79F9C0A5-8C9F-4458-9BA9-84F193FFB17B}.Debug|iPhoneSimulator.ActiveCfg = Debug|iPhoneSimulator
		{79F9C0A5-8C9F-4458-9BA9-84F193FFB17B}.Debug|iPhoneSimulator.Build.0 = Debug|iPhoneSimulator
		{79F9C0A5-8C9F-4458-9BA9-84F193FFB17B}.Debug|iPhoneSimulator.Deploy.0 = Debug|iPhoneSimulator
		{79F9C0A5-8C9F-4458-9BA9-84F193FFB17B}.Release|Any CPU.ActiveCfg = Release|iPhone
		{79F9C0A5-8C9F-4458-9BA9-84F193FFB17B}.Release|Any CPU.Build.0 = Release|iPhone
		{79F9C0A5-8C9F-4458-9BA9-84F193FFB17B}.Release|Any CPU.Deploy.0 = Release|iPhone
		{79F9C0A5-8C9F-4458-9BA9-84F193FFB17B}.Release|iPhone.ActiveCfg = Release|iPhone
		{79F9C0A5-8C9F-4458-9BA9-84F193FFB17B}.Release|iPhone.Build.0 = Release|iPhone
		{79F9C0A5-8C9F-4458-9BA9-84F193FFB17B}.Release|iPhone.Deploy.0 = Release|iPhone
		{79F9C0A5-8C9F-4458-9BA9-84F193FFB17B}.Release|iPhoneSimulator.ActiveCfg = Release|iPhoneSimulator
		{79F9C0A5-8C9F-4458-9BA9-84F193FFB17B}.Release|iPhoneSimulator.Build.0 = Release|iPhoneSimulator
		{79F9C0A5-8C9F-4458-9BA9-84F193FFB17B}.Release|iPhoneSimulator.Deploy.0 = Release|iPhoneSimulator
		{B445CF17-9205-4956-A65D-8C220CC6DC8F}.Debug|Any CPU.ActiveCfg = Debug|Any CPU
		{B445CF17-9205-4956-A65D-8C220CC6DC8F}.Debug|Any CPU.Build.0 = Debug|Any CPU
		{B445CF17-9205-4956-A65D-8C220CC6DC8F}.Debug|Any CPU.Deploy.0 = Debug|Any CPU
		{B445CF17-9205-4956-A65D-8C220CC6DC8F}.Debug|iPhone.ActiveCfg = Debug|Any CPU
		{B445CF17-9205-4956-A65D-8C220CC6DC8F}.Debug|iPhone.Build.0 = Debug|Any CPU
		{B445CF17-9205-4956-A65D-8C220CC6DC8F}.Debug|iPhone.Deploy.0 = Debug|Any CPU
		{B445CF17-9205-4956-A65D-8C220CC6DC8F}.Debug|iPhoneSimulator.ActiveCfg = Debug|Any CPU
		{B445CF17-9205-4956-A65D-8C220CC6DC8F}.Debug|iPhoneSimulator.Build.0 = Debug|Any CPU
		{B445CF17-9205-4956-A65D-8C220CC6DC8F}.Debug|iPhoneSimulator.Deploy.0 = Debug|Any CPU
		{B445CF17-9205-4956-A65D-8C220CC6DC8F}.Release|Any CPU.ActiveCfg = Release|Any CPU
		{B445CF17-9205-4956-A65D-8C220CC6DC8F}.Release|Any CPU.Build.0 = Release|Any CPU
		{B445CF17-9205-4956-A65D-8C220CC6DC8F}.Release|Any CPU.Deploy.0 = Release|Any CPU
		{B445CF17-9205-4956-A65D-8C220CC6DC8F}.Release|iPhone.ActiveCfg = Release|Any CPU
		{B445CF17-9205-4956-A65D-8C220CC6DC8F}.Release|iPhone.Build.0 = Release|Any CPU
		{B445CF17-9205-4956-A65D-8C220CC6DC8F}.Release|iPhone.Deploy.0 = Release|Any CPU
		{B445CF17-9205-4956-A65D-8C220CC6DC8F}.Release|iPhoneSimulator.ActiveCfg = Release|Any CPU
		{B445CF17-9205-4956-A65D-8C220CC6DC8F}.Release|iPhoneSimulator.Build.0 = Release|Any CPU
		{B445CF17-9205-4956-A65D-8C220CC6DC8F}.Release|iPhoneSimulator.Deploy.0 = Release|Any CPU
	EndGlobalSection
	GlobalSection(SolutionProperties) = preSolution
		HideSolutionNode = FALSE
	EndGlobalSection
	GlobalSection(ExtensibilityGlobals) = postSolution
		SolutionGuid = {2AE6C0EE-AE7B-4E23-B5AB-1269180681B9}
	EndGlobalSection
EndGlobal
